
Microsoft Visual Studio Solution File, Format Version 12.00
# Visual Studio Version 17
VisualStudioVersion = 17.3.32825.248
MinimumVisualStudioVersion = 10.0.40219.1
Project("{FAE04EC0-301F-11D3-BF4B-00C04F79EFBC}") = "CourseRegistrationAPI", "CourseRegistrationAPI\CourseRegistrationAPI.csproj", "{75D07DAA-2F52-4AC2-A5F8-8AD557053864}"
EndProject
Global
	GlobalSection(SolutionConfigurationPlatforms) = preSolution
		Debug|Any CPU = Debug|Any CPU
		Release|Any CPU = Release|Any CPU
	EndGlobalSection
	GlobalSection(ProjectConfigurationPlatforms) = postSolution
		{75D07DAA-2F52-4AC2-A5F8-8AD557053864}.Debug|Any CPU.ActiveCfg = Debug|Any CPU
		{75D07DAA-2F52-4AC2-A5F8-8AD557053864}.Debug|Any CPU.Build.0 = Debug|Any CPU
		{75D07DAA-2F52-4AC2-A5F8-8AD557053864}.Release|Any CPU.ActiveCfg = Release|Any CPU
		{75D07DAA-2F52-4AC2-A5F8-8AD557053864}.Release|Any CPU.Build.0 = Release|Any CPU
	EndGlobalSection
	GlobalSection(SolutionProperties) = preSolution
		HideSolutionNode = FALSE
	EndGlobalSection
	GlobalSection(ExtensibilityGlobals) = postSolution
		SolutionGuid = {C555629E-F6E8-4462-99CE-2795C6458A96}
	EndGlobalSection
EndGlobal
